
Microsoft Visual Studio Solution File, Format Version 12.00
# Visual Studio Version 16
VisualStudioVersion = 16.0.29806.167
MinimumVisualStudioVersion = 10.0.40219.1
Project("{9A19103F-16F7-4668-BE54-9A1E7A4F7556}") = "SecretLobby.Core", "src\SecretLobby.Core\SecretLobby.Core.csproj", "{3066AFBB-E86A-4435-B05F-A6F1AA471145}"
EndProject
Project("{FAE04EC0-301F-11D3-BF4B-00C04F79EFBC}") = "SecretLobby.Tests.Core", "src\SecretLobby.Tests.Core\SecretLobby.Tests.Core.csproj", "{958E4441-1483-4AD6-AD6D-C20CB901AC6E}"
EndProject
Global
	GlobalSection(SolutionConfigurationPlatforms) = preSolution
		Debug|Any CPU = Debug|Any CPU
		Release|Any CPU = Release|Any CPU
	EndGlobalSection
	GlobalSection(ProjectConfigurationPlatforms) = postSolution
		{3066AFBB-E86A-4435-B05F-A6F1AA471145}.Debug|Any CPU.ActiveCfg = Debug|Any CPU
		{3066AFBB-E86A-4435-B05F-A6F1AA471145}.Debug|Any CPU.Build.0 = Debug|Any CPU
		{3066AFBB-E86A-4435-B05F-A6F1AA471145}.Release|Any CPU.ActiveCfg = Release|Any CPU
		{3066AFBB-E86A-4435-B05F-A6F1AA471145}.Release|Any CPU.Build.0 = Release|Any CPU
		{958E4441-1483-4AD6-AD6D-C20CB901AC6E}.Debug|Any CPU.ActiveCfg = Debug|Any CPU
		{958E4441-1483-4AD6-AD6D-C20CB901AC6E}.Debug|Any CPU.Build.0 = Debug|Any CPU
		{958E4441-1483-4AD6-AD6D-C20CB901AC6E}.Release|Any CPU.ActiveCfg = Release|Any CPU
		{958E4441-1483-4AD6-AD6D-C20CB901AC6E}.Release|Any CPU.Build.0 = Release|Any CPU
	EndGlobalSection
	GlobalSection(SolutionProperties) = preSolution
		HideSolutionNode = FALSE
	EndGlobalSection
	GlobalSection(ExtensibilityGlobals) = postSolution
		SolutionGuid = {A96AEF85-1E7D-4335-9575-56C4F9CF79DA}
	EndGlobalSection
EndGlobal
