
Microsoft Visual Studio Solution File, Format Version 12.00
Project("{FAE04EC0-301F-11D3-BF4B-00C04F79EFBC}") = "SecretLobby-Tests", "SecretLobby-Tests\SecretLobby-Tests.csproj", "{4B250781-F586-4E33-A6C9-B4829404FC42}"
EndProject
Project("{FAE04EC0-301F-11D3-BF4B-00C04F79EFBC}") = "SecretLobby", "SecretLobby\SecretLobby.csproj", "{E11280C3-CD58-40CE-9320-F4BCADA6BF54}"
EndProject
Global
	GlobalSection(SolutionConfigurationPlatforms) = preSolution
		Debug|Any CPU = Debug|Any CPU
		Release|Any CPU = Release|Any CPU
	EndGlobalSection
	GlobalSection(ProjectConfigurationPlatforms) = postSolution
		{4B250781-F586-4E33-A6C9-B4829404FC42}.Debug|Any CPU.ActiveCfg = Debug|Any CPU
		{4B250781-F586-4E33-A6C9-B4829404FC42}.Debug|Any CPU.Build.0 = Debug|Any CPU
		{4B250781-F586-4E33-A6C9-B4829404FC42}.Release|Any CPU.ActiveCfg = Release|Any CPU
		{4B250781-F586-4E33-A6C9-B4829404FC42}.Release|Any CPU.Build.0 = Release|Any CPU
		{E11280C3-CD58-40CE-9320-F4BCADA6BF54}.Debug|Any CPU.ActiveCfg = Debug|Any CPU
		{E11280C3-CD58-40CE-9320-F4BCADA6BF54}.Debug|Any CPU.Build.0 = Debug|Any CPU
		{E11280C3-CD58-40CE-9320-F4BCADA6BF54}.Release|Any CPU.ActiveCfg = Release|Any CPU
		{E11280C3-CD58-40CE-9320-F4BCADA6BF54}.Release|Any CPU.Build.0 = Release|Any CPU
	EndGlobalSection
EndGlobal
